
Microsoft Visual Studio Solution File, Format Version 12.00
# Visual Studio 2013
VisualStudioVersion = 12.0.31101.0
MinimumVisualStudioVersion = 10.0.40219.1
Project("{9A19103F-16F7-4668-BE54-9A1E7A4F7556}") = "PlayFabSDK", "source\PlayFabSDK.csproj", "{CCA89497-1426-4F0B-8A11-7E5FB965FB4B}"
EndProject
Project("{FAE04EC0-301F-11D3-BF4B-00C04F79EFBC}") = "UnittestRunner", "UnittestRunner\UnittestRunner.csproj", "{EE5D7734-02A4-4AFE-B2EF-E38B9C24D2BD}"
EndProject
Global
	GlobalSection(SolutionConfigurationPlatforms) = preSolution
		Debug|Any CPU = Debug|Any CPU
		Release|Any CPU = Release|Any CPU
	EndGlobalSection
	GlobalSection(ProjectConfigurationPlatforms) = postSolution
		{CCA89497-1426-4F0B-8A11-7E5FB965FB4B}.Debug|Any CPU.ActiveCfg = Debug|Any CPU
		{CCA89497-1426-4F0B-8A11-7E5FB965FB4B}.Debug|Any CPU.Build.0 = Debug|Any CPU
		{CCA89497-1426-4F0B-8A11-7E5FB965FB4B}.Release|Any CPU.ActiveCfg = Release|Any CPU
		{CCA89497-1426-4F0B-8A11-7E5FB965FB4B}.Release|Any CPU.Build.0 = Release|Any CPU
		{EE5D7734-02A4-4AFE-B2EF-E38B9C24D2BD}.Debug|Any CPU.ActiveCfg = Debug|Any CPU
		{EE5D7734-02A4-4AFE-B2EF-E38B9C24D2BD}.Debug|Any CPU.Build.0 = Debug|Any CPU
		{EE5D7734-02A4-4AFE-B2EF-E38B9C24D2BD}.Release|Any CPU.ActiveCfg = Release|Any CPU
		{EE5D7734-02A4-4AFE-B2EF-E38B9C24D2BD}.Release|Any CPU.Build.0 = Release|Any CPU
	EndGlobalSection
	GlobalSection(SolutionProperties) = preSolution
		HideSolutionNode = FALSE
	EndGlobalSection
EndGlobal
